# Generated by pub
# See https://dart.dev/tools/pub/glossary#lockfile
packages:
  _flutterfire_internals:
    dependency: transitive
    description:
      name: _flutterfire_internals
      sha256: d84d98f1992976775f83083523a34c5d22fea191eec3abb2bd09537fb623c2e0
      url: "https://pub.dev"
    source: hosted
    version: "1.3.7"
  adaptive_number:
    dependency: transitive
    description:
      name: adaptive_number
      sha256: "3a567544e9b5c9c803006f51140ad544aedc79604fd4f3f2c1380003f97c1d77"
      url: "https://pub.dev"
    source: hosted
    version: "1.0.0"
  antlr4:
    dependency: transitive
    description:
      name: antlr4
      sha256: "96f576fcb88202a327b28f40485d99ca6987246ff37805488be06bcf05dc227f"
      url: "https://pub.dev"
    source: hosted
    version: "4.13.1"
  args:
    dependency: transitive
    description:
      name: args
      sha256: c372bb384f273f0c2a8aaaa226dad84dc27c8519a691b888725dec59518ad53a
      url: "https://pub.dev"
    source: hosted
    version: "2.4.1"
  async:
    dependency: transitive
    description:
      name: async
      sha256: bfe67ef28df125b7dddcea62755991f807aa39a2492a23e1550161692950bbe0
      url: "https://pub.dev"
    source: hosted
    version: "2.10.0"
  back_button_interceptor:
    dependency: transitive
    description:
      name: back_button_interceptor
      sha256: e47660f2178a4392eb72001f9594d3fdcb5efde93e59d2819d61fda499e781c8
      url: "https://pub.dev"
    source: hosted
    version: "6.0.2"
  boolean_selector:
    dependency: transitive
    description:
      name: boolean_selector
      sha256: "6cfb5af12253eaf2b368f07bacc5a80d1301a071c73360d746b7f2e32d762c66"
      url: "https://pub.dev"
    source: hosted
    version: "2.1.1"
  cel:
    dependency: transitive
    description:
      name: cel
      sha256: "2b5adb2c4866311817f6444996a67fd14f016cfcfb57a8d9c7fb0defeea2eb62"
      url: "https://pub.dev"
    source: hosted
    version: "0.5.3"
  characters:
    dependency: transitive
    description:
      name: characters
      sha256: e6a326c8af69605aec75ed6c187d06b349707a27fbff8222ca9cc2cff167975c
      url: "https://pub.dev"
    source: hosted
    version: "1.2.1"
  clock:
    dependency: transitive
    description:
      name: clock
      sha256: cb6d7f03e1de671e34607e909a7213e31d7752be4fb66a86d29fe1eb14bfb5cf
      url: "https://pub.dev"
    source: hosted
    version: "1.1.1"
  cloud_firestore:
    dependency: "direct main"
    description:
      name: cloud_firestore
      sha256: "1179ae4c69e2ea18179d844d70fc6ed2f082a2bbeb7fa62d35a2a24e2992bd4d"
      url: "https://pub.dev"
    source: hosted
    version: "4.9.3"
  cloud_firestore_platform_interface:
    dependency: transitive
    description:
      name: cloud_firestore_platform_interface
      sha256: acdcf0743bbdd0e6b342f3d2033e15d260a2c6f9434dd34b008b8f1c35e62b23
      url: "https://pub.dev"
    source: hosted
    version: "5.16.2"
  cloud_firestore_web:
    dependency: transitive
    description:
      name: cloud_firestore_web
      sha256: "321bb0732c8d782a49aede96805e59609e05cf98b6c34370faa04103f46a4a3a"
      url: "https://pub.dev"
    source: hosted
    version: "3.7.2"
  collection:
    dependency: transitive
    description:
      name: collection
      sha256: cfc915e6923fe5ce6e153b0723c753045de46de1b4d63771530504004a45fae0
      url: "https://pub.dev"
    source: hosted
    version: "1.17.0"
  convert:
    dependency: transitive
    description:
      name: convert
      sha256: "0f08b14755d163f6e2134cb58222dd25ea2a2ee8a195e53983d57c075324d592"
      url: "https://pub.dev"
    source: hosted
    version: "3.1.1"
  cross_file:
    dependency: transitive
    description:
      name: cross_file
      sha256: "0b0036e8cccbfbe0555fd83c1d31a6f30b77a96b598b35a5d36dd41f718695e9"
      url: "https://pub.dev"
    source: hosted
    version: "0.3.3+4"
  crypto:
    dependency: transitive
    description:
      name: crypto
      sha256: aa274aa7774f8964e4f4f38cc994db7b6158dd36e9187aaceaddc994b35c6c67
      url: "https://pub.dev"
    source: hosted
    version: "3.0.2"
  cupertino_icons:
    dependency: "direct main"
    description:
      name: cupertino_icons
      sha256: e35129dc44c9118cee2a5603506d823bab99c68393879edb440e0090d07586be
      url: "https://pub.dev"
    source: hosted
    version: "1.0.5"
  dart_jsonwebtoken:
    dependency: transitive
    description:
      name: dart_jsonwebtoken
      sha256: f565a76800b01d3216296a049bc8f189695ab2433afa36cad0e086e46b48d70d
      url: "https://pub.dev"
    source: hosted
    version: "2.8.0"
  dbus:
    dependency: transitive
    description:
      name: dbus
      sha256: "365c771ac3b0e58845f39ec6deebc76e3276aa9922b0cc60840712094d9047ac"
      url: "https://pub.dev"
    source: hosted
    version: "0.7.10"
  ed25519_edwards:
    dependency: transitive
    description:
      name: ed25519_edwards
      sha256: "6ce0112d131327ec6d42beede1e5dfd526069b18ad45dcf654f15074ad9276cd"
      url: "https://pub.dev"
    source: hosted
    version: "0.3.1"
  equatable:
    dependency: transitive
    description:
      name: equatable
      sha256: c2b87cb7756efdf69892005af546c56c0b5037f54d2a88269b4f347a505e3ca2
      url: "https://pub.dev"
    source: hosted
    version: "2.0.5"
  fake_async:
    dependency: transitive
    description:
      name: fake_async
      sha256: "511392330127add0b769b75a987850d136345d9227c6b94c96a04cf4a391bf78"
      url: "https://pub.dev"
    source: hosted
    version: "1.3.1"
  fake_cloud_firestore:
    dependency: "direct main"
    description:
      name: fake_cloud_firestore
      sha256: "48e4dc3f4ed7448c7f7f9c7697e78b835d5954029f8edb1bc1afa4bb518f5f17"
      url: "https://pub.dev"
    source: hosted
    version: "2.4.1+1"
  fake_firebase_security_rules:
    dependency: transitive
    description:
      name: fake_firebase_security_rules
      sha256: "7a9011d42d99848ece92784fed5a20167ad76da66de2c1102a2bc053e66b0305"
      url: "https://pub.dev"
    source: hosted
    version: "0.5.3"
  ffi:
    dependency: transitive
    description:
      name: ffi
      sha256: ed5337a5660c506388a9f012be0288fb38b49020ce2b45fe1f8b8323fe429f99
      url: "https://pub.dev"
    source: hosted
    version: "2.0.2"
  file:
    dependency: transitive
    description:
      name: file
      sha256: "1b92bec4fc2a72f59a8e15af5f52cd441e4a7860b49499d69dfa817af20e925d"
      url: "https://pub.dev"
    source: hosted
    version: "6.1.4"
  file_selector_linux:
    dependency: transitive
    description:
      name: file_selector_linux
      sha256: "770eb1ab057b5ae4326d1c24cc57710758b9a46026349d021d6311bd27580046"
      url: "https://pub.dev"
    source: hosted
    version: "0.9.2"
  file_selector_macos:
    dependency: transitive
    description:
      name: file_selector_macos
      sha256: "4ada532862917bf16e3adb3891fe3a5917a58bae03293e497082203a80909412"
      url: "https://pub.dev"
    source: hosted
    version: "0.9.3+1"
  file_selector_platform_interface:
    dependency: transitive
    description:
      name: file_selector_platform_interface
      sha256: "412705a646a0ae90f33f37acfae6a0f7cbc02222d6cd34e479421c3e74d3853c"
      url: "https://pub.dev"
    source: hosted
    version: "2.6.0"
  file_selector_windows:
    dependency: transitive
    description:
      name: file_selector_windows
      sha256: "1372760c6b389842b77156203308940558a2817360154084368608413835fc26"
      url: "https://pub.dev"
    source: hosted
    version: "0.9.3"
  firebase_auth:
    dependency: "direct main"
    description:
      name: firebase_auth
      sha256: "95c74884ff25eafcbbbcd5506b738e68ee98ff54d09522a6092a2fb95d02ee7a"
      url: "https://pub.dev"
    source: hosted
    version: "4.10.1"
  firebase_auth_mocks:
    dependency: "direct main"
    description:
      name: firebase_auth_mocks
      sha256: b5a9ed7002be84ea82f023c8d5313f06d400bbe6df485618021c4c0fb80cabc1
      url: "https://pub.dev"
    source: hosted
    version: "0.12.0"
  firebase_auth_platform_interface:
    dependency: transitive
    description:
      name: firebase_auth_platform_interface
      sha256: "05d2636673e145d2b5eccc452c009808af4c15e8b402f34bb8fec63f2c76e86b"
      url: "https://pub.dev"
    source: hosted
    version: "6.19.1"
  firebase_auth_web:
    dependency: transitive
    description:
      name: firebase_auth_web
      sha256: "4b8374da5d8969f99453ebd65074c1d379fe781bb3680fa7f65a4d3ac4ec87b3"
      url: "https://pub.dev"
    source: hosted
    version: "5.8.2"
  firebase_core:
    dependency: "direct main"
    description:
      name: firebase_core
      sha256: "95580fa07c8ca3072a2bb1fecd792616a33f8683477d25b7d29d3a6a399e6ece"
      url: "https://pub.dev"
    source: hosted
    version: "2.17.0"
  firebase_core_platform_interface:
    dependency: transitive
    description:
      name: firebase_core_platform_interface
      sha256: b63e3be6c96ef5c33bdec1aab23c91eb00696f6452f0519401d640938c94cba2
      url: "https://pub.dev"
    source: hosted
    version: "4.8.0"
  firebase_core_web:
    dependency: transitive
    description:
      name: firebase_core_web
      sha256: e8c408923cd3a25bd342c576a114f2126769cd1a57106a4edeaa67ea4a84e962
      url: "https://pub.dev"
    source: hosted
    version: "2.8.0"
  firebase_messaging:
    dependency: "direct main"
    description:
      name: firebase_messaging
      sha256: "67f9d7c87457e71ad78ee81e332f232b8a24f7d5e338f8c958fa7d6e9e0e3636"
      url: "https://pub.dev"
    source: hosted
    version: "14.6.9"
  firebase_messaging_platform_interface:
    dependency: transitive
    description:
      name: firebase_messaging_platform_interface
      sha256: "8c7ced3201886ad7ba37f344c1468ccfc08abb3023922e0e5a016eaf38abb96c"
      url: "https://pub.dev"
    source: hosted
    version: "4.5.8"
  firebase_messaging_web:
    dependency: transitive
    description:
      name: firebase_messaging_web
      sha256: b601322bdb44e2fefe4cc7b85ef0dbb7a2479d4a7653a51340821cf8d60696b5
      url: "https://pub.dev"
    source: hosted
    version: "3.5.8"
  firebase_storage:
    dependency: "direct main"
    description:
      name: firebase_storage
      sha256: "4ceb092cd14c3bce0dc8cd4046754cd1e5e5c1977155e286b512b3f84fe1c03e"
      url: "https://pub.dev"
    source: hosted
    version: "11.2.8"
  firebase_storage_mocks:
    dependency: "direct main"
    description:
      name: firebase_storage_mocks
      sha256: "45035bb69e0e00dd840240ed8296da2e92e36617eadc8522c12052bcf53068d3"
      url: "https://pub.dev"
    source: hosted
    version: "0.6.1"
  firebase_storage_platform_interface:
    dependency: transitive
    description:
      name: firebase_storage_platform_interface
      sha256: "88f8b8bb7181eef125536297f11b28171f59d2f53a59610e3966c2e38be3de4c"
      url: "https://pub.dev"
    source: hosted
    version: "4.4.7"
  firebase_storage_web:
    dependency: transitive
    description:
      name: firebase_storage_web
      sha256: bd05589cf17a8d5e2a90bdffcdab434c97e27bc37ca0056bfa90accf0366a7b0
      url: "https://pub.dev"
    source: hosted
    version: "3.6.8"
  fixnum:
    dependency: transitive
    description:
      name: fixnum
      sha256: "25517a4deb0c03aa0f32fd12db525856438902d9c16536311e76cdc57b31d7d1"
      url: "https://pub.dev"
    source: hosted
    version: "1.1.0"
  flutter:
    dependency: "direct main"
    description: flutter
    source: sdk
    version: "0.0.0"
  flutter_lints:
    dependency: "direct dev"
    description:
      name: flutter_lints
      sha256: "2118df84ef0c3ca93f96123a616ae8540879991b8b57af2f81b76a7ada49b2a4"
      url: "https://pub.dev"
    source: hosted
    version: "2.0.2"
  flutter_local_notifications:
    dependency: "direct main"
    description:
      name: flutter_local_notifications
      sha256: "293995f94e120c8afce768981bd1fa9c5d6de67c547568e3b42ae2defdcbb4a0"
      url: "https://pub.dev"
    source: hosted
    version: "13.0.0"
  flutter_local_notifications_linux:
    dependency: transitive
    description:
      name: flutter_local_notifications_linux
      sha256: ccb08b93703aeedb58856e5637450bf3ffec899adb66dc325630b68994734b89
      url: "https://pub.dev"
    source: hosted
    version: "3.0.0+1"
  flutter_local_notifications_platform_interface:
    dependency: transitive
    description:
      name: flutter_local_notifications_platform_interface
      sha256: "5ec1feac5f7f7d9266759488bc5f76416152baba9aa1b26fe572246caa00d1ab"
      url: "https://pub.dev"
    source: hosted
    version: "6.0.0"
  flutter_plugin_android_lifecycle:
    dependency: transitive
    description:
      name: flutter_plugin_android_lifecycle
      sha256: "950e77c2bbe1692bc0874fc7fb491b96a4dc340457f4ea1641443d0a6c1ea360"
      url: "https://pub.dev"
    source: hosted
    version: "2.0.15"
  flutter_test:
    dependency: "direct dev"
    description: flutter
    source: sdk
    version: "0.0.0"
  flutter_web_plugins:
    dependency: transitive
    description: flutter
    source: sdk
    version: "0.0.0"
  google_fonts:
    dependency: "direct main"
    description:
      name: google_fonts
      sha256: "6b6f10f0ce3c42f6552d1c70d2c28d764cf22bb487f50f66cca31dcd5194f4d6"
      url: "https://pub.dev"
    source: hosted
    version: "4.0.4"
  http:
    dependency: transitive
    description:
      name: http
      sha256: "6aa2946395183537c8b880962d935877325d6a09a2867c3970c05c0fed6ac482"
      url: "https://pub.dev"
    source: hosted
    version: "0.13.5"
  http_parser:
    dependency: transitive
    description:
      name: http_parser
      sha256: "2aa08ce0341cc9b354a498388e30986515406668dbcc4f7c950c3e715496693b"
      url: "https://pub.dev"
    source: hosted
    version: "4.0.2"
  image_picker:
    dependency: "direct main"
    description:
      name: image_picker
      sha256: b6951e25b795d053a6ba03af5f710069c99349de9341af95155d52665cb4607c
      url: "https://pub.dev"
    source: hosted
    version: "0.8.9"
  image_picker_android:
    dependency: transitive
    description:
      name: image_picker_android
      sha256: "8179b54039b50eee561676232304f487602e2950ffb3e8995ed9034d6505ca34"
      url: "https://pub.dev"
    source: hosted
    version: "0.8.7+4"
  image_picker_for_web:
    dependency: transitive
    description:
      name: image_picker_for_web
      sha256: "869fe8a64771b7afbc99fc433a5f7be2fea4d1cb3d7c11a48b6b579eb9c797f0"
      url: "https://pub.dev"
    source: hosted
    version: "2.2.0"
  image_picker_ios:
    dependency: transitive
    description:
      name: image_picker_ios
      sha256: b3e2f21feb28b24dd73a35d7ad6e83f568337c70afab5eabac876e23803f264b
      url: "https://pub.dev"
    source: hosted
    version: "0.8.8"
  image_picker_linux:
    dependency: transitive
    description:
      name: image_picker_linux
      sha256: "02cbc21fe1706b97942b575966e5fbbeaac535e76deef70d3a242e4afb857831"
      url: "https://pub.dev"
    source: hosted
    version: "0.2.1"
  image_picker_macos:
    dependency: transitive
    description:
      name: image_picker_macos
      sha256: cee2aa86c56780c13af2c77b5f2f72973464db204569e1ba2dd744459a065af4
      url: "https://pub.dev"
    source: hosted
    version: "0.2.1"
  image_picker_platform_interface:
    dependency: transitive
    description:
      name: image_picker_platform_interface
      sha256: c1134543ae2187e85299996d21c526b2f403854994026d575ae4cf30d7bb2a32
      url: "https://pub.dev"
    source: hosted
    version: "2.9.0"
  image_picker_windows:
    dependency: transitive
    description:
      name: image_picker_windows
      sha256: c3066601ea42113922232c7b7b3330a2d86f029f685bba99d82c30e799914952
      url: "https://pub.dev"
    source: hosted
    version: "0.2.1"
  js:
    dependency: transitive
    description:
      name: js
      sha256: "5528c2f391ededb7775ec1daa69e65a2d61276f7552de2b5f7b8d34ee9fd4ab7"
      url: "https://pub.dev"
    source: hosted
    version: "0.6.5"
  lints:
    dependency: transitive
    description:
      name: lints
      sha256: "5e4a9cd06d447758280a8ac2405101e0e2094d2a1dbdd3756aec3fe7775ba593"
      url: "https://pub.dev"
    source: hosted
    version: "2.0.1"
  logger:
    dependency: transitive
    description:
      name: logger
      sha256: "6bbb9d6f7056729537a4309bda2e74e18e5d9f14302489cc1e93f33b3fe32cac"
      url: "https://pub.dev"
    source: hosted
    version: "2.0.2+1"
  logging:
    dependency: transitive
    description:
      name: logging
      sha256: "623a88c9594aa774443aa3eb2d41807a48486b5613e67599fb4c41c0ad47c340"
      url: "https://pub.dev"
    source: hosted
    version: "1.2.0"
  matcher:
    dependency: transitive
    description:
      name: matcher
      sha256: "16db949ceee371e9b99d22f88fa3a73c4e59fd0afed0bd25fc336eb76c198b72"
      url: "https://pub.dev"
    source: hosted
    version: "0.12.13"
  material_color_utilities:
    dependency: transitive
    description:
      name: material_color_utilities
      sha256: d92141dc6fe1dad30722f9aa826c7fbc896d021d792f80678280601aff8cf724
      url: "https://pub.dev"
    source: hosted
    version: "0.2.0"
  meta:
    dependency: transitive
    description:
      name: meta
      sha256: "6c268b42ed578a53088d834796959e4a1814b5e9e164f147f580a386e5decf42"
      url: "https://pub.dev"
    source: hosted
    version: "1.8.0"
  mime:
    dependency: transitive
    description:
      name: mime
      sha256: e4ff8e8564c03f255408decd16e7899da1733852a9110a58fe6d1b817684a63e
      url: "https://pub.dev"
    source: hosted
    version: "1.0.4"
  mock_exceptions:
    dependency: transitive
    description:
      name: mock_exceptions
      sha256: "6e3e623712d2c6106ffe9e14732912522b565ddaa82a8dcee6cd4441b5984056"
      url: "https://pub.dev"
    source: hosted
    version: "0.8.2"
  more:
    dependency: transitive
    description:
      name: more
      sha256: "01dd74e1b794fcf5b1c84ec9c6e2f5d9ec86cc210c1712501ab01073bd0ab17b"
      url: "https://pub.dev"
    source: hosted
    version: "3.9.5"
  nested:
    dependency: transitive
    description:
      name: nested
      sha256: "03bac4c528c64c95c722ec99280375a6f2fc708eec17c7b3f07253b626cd2a20"
      url: "https://pub.dev"
    source: hosted
    version: "1.0.0"
  overlay_kit:
    dependency: "direct main"
    description:
      name: overlay_kit
      sha256: "5822b7d2c77bbf034e41186ab0edd7c8466b5662ed8e7a605a7342047d82df4f"
      url: "https://pub.dev"
    source: hosted
    version: "1.0.8"
  path:
    dependency: transitive
    description:
      name: path
      sha256: db9d4f58c908a4ba5953fcee2ae317c94889433e5024c27ce74a37f94267945b
      url: "https://pub.dev"
    source: hosted
    version: "1.8.2"
  path_provider:
    dependency: "direct main"
    description:
      name: path_provider
      sha256: "909b84830485dbcd0308edf6f7368bc8fd76afa26a270420f34cabea2a6467a0"
      url: "https://pub.dev"
    source: hosted
    version: "2.1.0"
  path_provider_android:
    dependency: transitive
    description:
      name: path_provider_android
      sha256: "5d44fc3314d969b84816b569070d7ace0f1dea04bd94a83f74c4829615d22ad8"
      url: "https://pub.dev"
    source: hosted
    version: "2.1.0"
  path_provider_foundation:
    dependency: transitive
    description:
      name: path_provider_foundation
      sha256: "1b744d3d774e5a879bb76d6cd1ecee2ba2c6960c03b1020cd35212f6aa267ac5"
      url: "https://pub.dev"
    source: hosted
    version: "2.3.0"
  path_provider_linux:
    dependency: transitive
    description:
      name: path_provider_linux
      sha256: ba2b77f0c52a33db09fc8caf85b12df691bf28d983e84cf87ff6d693cfa007b3
      url: "https://pub.dev"
    source: hosted
    version: "2.2.0"
  path_provider_platform_interface:
    dependency: transitive
    description:
      name: path_provider_platform_interface
      sha256: bced5679c7df11190e1ddc35f3222c858f328fff85c3942e46e7f5589bf9eb84
      url: "https://pub.dev"
    source: hosted
    version: "2.1.0"
  path_provider_windows:
    dependency: transitive
    description:
      name: path_provider_windows
      sha256: ee0e0d164516b90ae1f970bdf29f726f1aa730d7cfc449ecc74c495378b705da
      url: "https://pub.dev"
    source: hosted
    version: "2.2.0"
  petitparser:
    dependency: transitive
    description:
      name: petitparser
      sha256: "49392a45ced973e8d94a85fdb21293fbb40ba805fc49f2965101ae748a3683b4"
      url: "https://pub.dev"
    source: hosted
    version: "5.1.0"
  platform:
    dependency: transitive
    description:
      name: platform
      sha256: "57c07bf82207aee366dfaa3867b3164e4f03a238a461a11b0e8a3a510d51203d"
      url: "https://pub.dev"
    source: hosted
    version: "3.1.1"
  plugin_platform_interface:
    dependency: transitive
    description:
      name: plugin_platform_interface
      sha256: "43798d895c929056255600343db8f049921cbec94d31ec87f1dc5c16c01935dd"
      url: "https://pub.dev"
    source: hosted
    version: "2.1.5"
  pointycastle:
    dependency: transitive
    description:
      name: pointycastle
      sha256: "7c1e5f0d23c9016c5bbd8b1473d0d3fb3fc851b876046039509e18e0c7485f2c"
      url: "https://pub.dev"
    source: hosted
    version: "3.7.3"
  process:
    dependency: transitive
    description:
      name: process
      sha256: "53fd8db9cec1d37b0574e12f07520d582019cb6c44abf5479a01505099a34a09"
      url: "https://pub.dev"
    source: hosted
    version: "4.2.4"
  provider:
    dependency: "direct main"
    description:
      name: provider
      sha256: "9a96a0a19b594dbc5bf0f1f27d2bc67d5f95957359b461cd9feb44ed6ae75096"
      url: "https://pub.dev"
    source: hosted
    version: "6.1.1"
  quiver:
    dependency: transitive
    description:
      name: quiver
      sha256: b1c1ac5ce6688d77f65f3375a9abb9319b3cb32486bdc7a1e0fdf004d7ba4e47
      url: "https://pub.dev"
    source: hosted
    version: "3.2.1"
  rx:
    dependency: transitive
    description:
      name: rx
      sha256: efe1fb4170741401370e365a76602a631b584097d6f44d40c40cbc185b65644d
      url: "https://pub.dev"
    source: hosted
    version: "0.1.3"
  rxdart:
    dependency: transitive
    description:
      name: rxdart
      sha256: "0c7c0cedd93788d996e33041ffecda924cc54389199cde4e6a34b440f50044cb"
      url: "https://pub.dev"
    source: hosted
    version: "0.27.7"
  sky_engine:
    dependency: transitive
    description: flutter
    source: sdk
    version: "0.0.99"
  source_span:
    dependency: transitive
    description:
      name: source_span
      sha256: dd904f795d4b4f3b870833847c461801f6750a9fa8e61ea5ac53f9422b31f250
      url: "https://pub.dev"
    source: hosted
    version: "1.9.1"
  stack_trace:
    dependency: transitive
    description:
      name: stack_trace
      sha256: c3c7d8edb15bee7f0f74debd4b9c5f3c2ea86766fe4178eb2a18eb30a0bdaed5
      url: "https://pub.dev"
    source: hosted
    version: "1.11.0"
  stream_channel:
    dependency: transitive
    description:
      name: stream_channel
      sha256: "83615bee9045c1d322bbbd1ba209b7a749c2cbcdcb3fdd1df8eb488b3279c1c8"
      url: "https://pub.dev"
    source: hosted
    version: "2.1.1"
  string_scanner:
    dependency: transitive
    description:
      name: string_scanner
      sha256: "556692adab6cfa87322a115640c11f13cb77b3f076ddcc5d6ae3c20242bedcde"
      url: "https://pub.dev"
    source: hosted
    version: "1.2.0"
  term_glyph:
    dependency: transitive
    description:
      name: term_glyph
      sha256: a29248a84fbb7c79282b40b8c72a1209db169a2e0542bce341da992fe1bc7e84
      url: "https://pub.dev"
    source: hosted
    version: "1.2.1"
  test_api:
    dependency: transitive
    description:
      name: test_api
      sha256: ad540f65f92caa91bf21dfc8ffb8c589d6e4dc0c2267818b4cc2792857706206
      url: "https://pub.dev"
    source: hosted
    version: "0.4.16"
  timezone:
    dependency: transitive
    description:
      name: timezone
      sha256: "1cfd8ddc2d1cfd836bc93e67b9be88c3adaeca6f40a00ca999104c30693cdca0"
      url: "https://pub.dev"
    source: hosted
    version: "0.9.2"
  tuple:
    dependency: transitive
    description:
      name: tuple
      sha256: a97ce2013f240b2f3807bcbaf218765b6f301c3eff91092bcfa23a039e7dd151
      url: "https://pub.dev"
    source: hosted
    version: "2.0.2"
  typed_data:
    dependency: transitive
    description:
      name: typed_data
      sha256: facc8d6582f16042dd49f2463ff1bd6e2c9ef9f3d5da3d9b087e244a7b564b3c
      url: "https://pub.dev"
    source: hosted
    version: "1.3.2"
  uuid:
    dependency: transitive
    description:
      name: uuid
      sha256: "648e103079f7c64a36dc7d39369cabb358d377078a051d6ae2ad3aa539519313"
      url: "https://pub.dev"
    source: hosted
    version: "3.0.7"
  vector_math:
    dependency: transitive
    description:
      name: vector_math
      sha256: "80b3257d1492ce4d091729e3a67a60407d227c27241d6927be0130c98e741803"
      url: "https://pub.dev"
    source: hosted
    version: "2.1.4"
  win32:
    dependency: transitive
    description:
      name: win32
      sha256: "5a751eddf9db89b3e5f9d50c20ab8612296e4e8db69009788d6c8b060a84191c"
      url: "https://pub.dev"
    source: hosted
    version: "4.1.4"
  xdg_directories:
    dependency: transitive
    description:
      name: xdg_directories
      sha256: bd512f03919aac5f1313eb8249f223bacf4927031bf60b02601f81f687689e86
      url: "https://pub.dev"
    source: hosted
    version: "0.2.0+3"
  xml:
    dependency: transitive
    description:
      name: xml
      sha256: ac0e3f4bf00ba2708c33fbabbbe766300e509f8c82dbd4ab6525039813f7e2fb
      url: "https://pub.dev"
    source: hosted
    version: "6.1.0"
sdks:
  dart: ">=2.19.0 <3.0.0"
  flutter: ">=3.3.0"
